<?xml version="1.0" encoding="utf-8"?>
<Project ToolsVersion="4.0" xmlns="http://schemas.microsoft.com/developer/msbuild/2003">
  <ItemGroup>
    <Filter Include="Source Files">
      <UniqueIdentifier>{4FC737F1-C7A5-4376-A066-2A32D752A2FF}</UniqueIdentifier>
      <Extensions>cpp;c;cc;cxx;def;odl;idl;hpj;bat;asm;asmx</Extensions>
    </Filter>
    <Filter Include="Header Files">
      <UniqueIdentifier>{93995380-89BD-4b04-88EB-625FBE52EBFB}</UniqueIdentifier>
      <Extensions>h;hh;hpp;hxx;hm;inl;inc;xsd</Extensions>
    </Filter>
    <Filter Include="Resource Files">
      <UniqueIdentifier>{67DA6AB6-F800-4c08-8B7A-83BB121AAD01}</UniqueIdentifier>
      <Extensions>rc;ico;cur;bmp;dlg;rc2;rct;bin;rgs;gif;jpg;jpeg;jpe;resx;tiff;tif;png;wav;mfcribbon-ms</Extensions>
    </Filter>
    <Filter Include="Source Files\Linked">
      <UniqueIdentifier>{39dc51d8-ebfa-44f8-ab0b-9c0c79927bbd}</UniqueIdentifier>
    </Filter>
    <Filter Include="Source Files\Tests">
      <UniqueIdentifier>{71a39c16-177e-4b30-9154-19be1a0c5b7b}</UniqueIdentifier>
    </Filter>
  </ItemGroup>
  <ItemGroup>
    <ClInclude Include="stdafx.h">
      <Filter>Header Files</Filter>
    </ClInclude>
    <ClInclude Include="targetver.h">
      <Filter>Header Files</Filter>
    </ClInclude>
  </ItemGroup>
  <ItemGroup>
    <ClCompile Include="..\AdventOfCode\CodeUtil.cpp">
      <Filter>Source Files\Linked</Filter>
    </ClCompile>
    <ClCompile Include="..\AdventOfCode\December01.cpp">
      <Filter>Source Files\Linked</Filter>
    </ClCompile>
    <ClCompile Include="..\AdventOfCode\December02.cpp">
      <Filter>Source Files\Linked</Filter>
    </ClCompile>
    <ClCompile Include="..\AdventOfCode\December03.cpp">
      <Filter>Source Files\Linked</Filter>
    </ClCompile>
    <ClCompile Include="..\AdventOfCode\December04.cpp">
      <Filter>Source Files\Linked</Filter>
    </ClCompile>
    <ClCompile Include="..\AdventOfCode\December05.cpp">
      <Filter>Source Files\Linked</Filter>
    </ClCompile>
    <ClCompile Include="..\AdventOfCode\December06.cpp">
      <Filter>Source Files\Linked</Filter>
    </ClCompile>
    <ClCompile Include="..\AdventOfCode\December07.cpp">
      <Filter>Source Files\Linked</Filter>
    </ClCompile>
    <ClCompile Include="..\AdventOfCode\December08.cpp">
      <Filter>Source Files\Linked</Filter>
    </ClCompile>
    <ClCompile Include="..\AdventOfCode\December09.cpp">
      <Filter>Source Files\Linked</Filter>
    </ClCompile>
    <ClCompile Include="..\AdventOfCode\December10.cpp">
      <Filter>Source Files\Linked</Filter>
    </ClCompile>
    <ClCompile Include="..\AdventOfCode\December11.cpp">
      <Filter>Source Files\Linked</Filter>
    </ClCompile>
    <ClCompile Include="..\AdventOfCode\December12.cpp">
      <Filter>Source Files\Linked</Filter>
    </ClCompile>
    <ClCompile Include="..\AdventOfCode\December13.cpp">
      <Filter>Source Files\Linked</Filter>
    </ClCompile>
    <ClCompile Include="stdafx.cpp">
      <Filter>Source Files\Linked</Filter>
    </ClCompile>
    <ClCompile Include="Test.December01.cpp">
      <Filter>Source Files\Tests</Filter>
    </ClCompile>
    <ClCompile Include="Test.December02.cpp">
      <Filter>Source Files\Tests</Filter>
    </ClCompile>
    <ClCompile Include="Test.December03.cpp">
      <Filter>Source Files\Tests</Filter>
    </ClCompile>
    <ClCompile Include="Test.December04.cpp">
      <Filter>Source Files\Tests</Filter>
    </ClCompile>
    <ClCompile Include="Test.December05.cpp">
      <Filter>Source Files\Tests</Filter>
    </ClCompile>
    <ClCompile Include="Test.December06.cpp">
      <Filter>Source Files\Tests</Filter>
    </ClCompile>
    <ClCompile Include="Test.December07.cpp">
      <Filter>Source Files\Tests</Filter>
    </ClCompile>
    <ClCompile Include="Test.December08.cpp">
      <Filter>Source Files\Tests</Filter>
    </ClCompile>
    <ClCompile Include="Test.December09.cpp">
      <Filter>Source Files\Tests</Filter>
    </ClCompile>
    <ClCompile Include="Test.December10.cpp">
      <Filter>Source Files\Tests</Filter>
    </ClCompile>
    <ClCompile Include="Test.December11.cpp">
      <Filter>Source Files\Tests</Filter>
    </ClCompile>
    <ClCompile Include="Test.December12.cpp">
      <Filter>Source Files\Tests</Filter>
    </ClCompile>
    <ClCompile Include="Test.December13.cpp">
      <Filter>Source Files\Tests</Filter>
    </ClCompile>
    <ClCompile Include="Test.CodeUtils.cpp">
      <Filter>Source Files\Tests</Filter>
    </ClCompile>
    <ClCompile Include="..\AdventOfCode\AdventOfCodeBase.cpp">
      <Filter>Source Files\Linked</Filter>
    </ClCompile>
    <ClCompile Include="..\AdventOfCode\December01b.cpp">
      <Filter>Source Files\Linked</Filter>
    </ClCompile>
    <ClCompile Include="Test.December01b.cpp">
      <Filter>Source Files\Tests</Filter>
    </ClCompile>
    <ClCompile Include="Test.December02b.cpp">
      <Filter>Source Files\Tests</Filter>
    </ClCompile>
    <ClCompile Include="..\AdventOfCode\December02b.cpp">
      <Filter>Source Files\Linked</Filter>
    </ClCompile>
    <ClCompile Include="..\AdventOfCode\December03b.cpp">
      <Filter>Source Files\Linked</Filter>
    </ClCompile>
    <ClCompile Include="Test.December03b.cpp">
      <Filter>Source Files\Tests</Filter>
    </ClCompile>
    <ClCompile Include="Test.December04b.cpp">
      <Filter>Source Files\Tests</Filter>
    </ClCompile>
    <ClCompile Include="..\AdventOfCode\December04b.cpp">
      <Filter>Source Files\Linked</Filter>
    </ClCompile>
    <ClCompile Include="Test.December05b.cpp">
      <Filter>Source Files\Tests</Filter>
    </ClCompile>
    <ClCompile Include="..\AdventOfCode\December05b.cpp">
      <Filter>Source Files\Linked</Filter>
    </ClCompile>
    <ClCompile Include="Test.December06b.cpp">
      <Filter>Source Files\Tests</Filter>
    </ClCompile>
    <ClCompile Include="..\AdventOfCode\December06b.cpp">
      <Filter>Source Files\Linked</Filter>
    </ClCompile>
    <ClCompile Include="Test.December07b.cpp">
      <Filter>Source Files\Tests</Filter>
    </ClCompile>
    <ClCompile Include="..\AdventOfCode\December07b.cpp">
      <Filter>Source Files\Linked</Filter>
    </ClCompile>
    <ClCompile Include="..\AdventOfCode\December08b.cpp">
      <Filter>Source Files\Linked</Filter>
    </ClCompile>
    <ClCompile Include="Test.December08b.cpp">
      <Filter>Source Files\Tests</Filter>
    </ClCompile>
    <ClCompile Include="Test.December09b.cpp">
      <Filter>Source Files\Tests</Filter>
    </ClCompile>
    <ClCompile Include="..\AdventOfCode\December09b.cpp">
      <Filter>Source Files\Linked</Filter>
    </ClCompile>
    <ClCompile Include="..\AdventOfCode\December10b.cpp">
      <Filter>Source Files\Linked</Filter>
    </ClCompile>
    <ClCompile Include="Test.December10b.cpp">
      <Filter>Source Files\Tests</Filter>
    </ClCompile>
    <ClCompile Include="..\AdventOfCode\December11b.cpp">
      <Filter>Source Files\Linked</Filter>
    </ClCompile>
    <ClCompile Include="Test.December11b.cpp">
      <Filter>Source Files\Tests</Filter>
    </ClCompile>
    <ClCompile Include="..\AdventOfCode\December12b.cpp">
      <Filter>Source Files\Linked</Filter>
    </ClCompile>
    <ClCompile Include="Test.December12b.cpp">
      <Filter>Source Files\Tests</Filter>
    </ClCompile>
    <ClCompile Include="..\AdventOfCode\December13b.cpp">
      <Filter>Source Files\Linked</Filter>
    </ClCompile>
    <ClCompile Include="Test.December13b.cpp">
      <Filter>Source Files\Tests</Filter>
    </ClCompile>
    <ClCompile Include="Test.December14.cpp">
      <Filter>Source Files\Tests</Filter>
    </ClCompile>
    <ClCompile Include="..\AdventOfCode\December14.cpp">
      <Filter>Source Files\Linked</Filter>
    </ClCompile>
    <ClCompile Include="..\AdventOfCode\December14b.cpp">
      <Filter>Source Files\Linked</Filter>
    </ClCompile>
    <ClCompile Include="Test.December14b.cpp">
      <Filter>Source Files\Tests</Filter>
    </ClCompile>
    <ClCompile Include="..\AdventOfCode\December15.cpp">
      <Filter>Source Files\Linked</Filter>
    </ClCompile>
    <ClCompile Include="Test.December15.cpp">
      <Filter>Source Files\Tests</Filter>
    </ClCompile>
    <ClCompile Include="Test.December15b.cpp">
      <Filter>Source Files\Tests</Filter>
    </ClCompile>
    <ClCompile Include="..\AdventOfCode\December15b.cpp">
      <Filter>Source Files\Linked</Filter>
    </ClCompile>
    <ClCompile Include="Test.December16.cpp">
      <Filter>Source Files\Tests</Filter>
    </ClCompile>
    <ClCompile Include="..\AdventOfCode\December16.cpp">
      <Filter>Source Files\Linked</Filter>
    </ClCompile>
    <ClCompile Include="..\AdventOfCode\December16b.cpp">
      <Filter>Source Files\Linked</Filter>
    </ClCompile>
    <ClCompile Include="Test.December16b.cpp">
      <Filter>Source Files\Tests</Filter>
    </ClCompile>
    <ClCompile Include="Test.December17.cpp">
      <Filter>Source Files\Tests</Filter>
    </ClCompile>
    <ClCompile Include="..\AdventOfCode\December17.cpp">
      <Filter>Source Files\Linked</Filter>
    </ClCompile>
    <ClCompile Include="Test.December17b.cpp">
      <Filter>Source Files\Tests</Filter>
    </ClCompile>
    <ClCompile Include="..\AdventOfCode\December17b.cpp">
      <Filter>Source Files\Linked</Filter>
    </ClCompile>
    <ClCompile Include="..\AdventOfCode\December18.cpp">
      <Filter>Source Files\Linked</Filter>
    </ClCompile>
    <ClCompile Include="Test.December18.cpp">
      <Filter>Source Files\Tests</Filter>
    </ClCompile>
    <ClCompile Include="Test.December18b.cpp">
      <Filter>Source Files\Tests</Filter>
    </ClCompile>
    <ClCompile Include="..\AdventOfCode\December18b.cpp">
      <Filter>Source Files\Linked</Filter>
    </ClCompile>
    <ClCompile Include="..\AdventOfCode\December19.cpp">
      <Filter>Source Files\Linked</Filter>
    </ClCompile>
    <ClCompile Include="Test.December19.cpp">
      <Filter>Source Files\Tests</Filter>
    </ClCompile>
    <ClCompile Include="Test.December19b.cpp">
      <Filter>Source Files\Tests</Filter>
    </ClCompile>
    <ClCompile Include="..\AdventOfCode\December19b.cpp">
      <Filter>Source Files\Linked</Filter>
    </ClCompile>
    <ClCompile Include="..\AdventOfCode\December20.cpp">
      <Filter>Source Files\Linked</Filter>
    </ClCompile>
    <ClCompile Include="Test.December20.cpp">
      <Filter>Source Files\Tests</Filter>
    </ClCompile>
    <ClCompile Include="Test.December20b.cpp">
      <Filter>Source Files\Tests</Filter>
    </ClCompile>
    <ClCompile Include="..\AdventOfCode\December20b.cpp">
      <Filter>Source Files\Linked</Filter>
    </ClCompile>
  </ItemGroup>
</Project>